// !$*UTF8*$!
{
	archiveVersion = 1;
	classes = {
	};
	objectVersion = 50;
	objects = {

/* Begin PBXBuildFile section */
		6611274C24A282B30015D761 /* AppDelegate.swift in Sources */ = {isa = PBXBuildFile; fileRef = 6611274B24A282B30015D761 /* AppDelegate.swift */; };
		6611274E24A282B30015D761 /* SceneDelegate.swift in Sources */ = {isa = PBXBuildFile; fileRef = 6611274D24A282B30015D761 /* SceneDelegate.swift */; };
		6611275024A282B30015D761 /* ViewController.swift in Sources */ = {isa = PBXBuildFile; fileRef = 6611274F24A282B30015D761 /* ViewController.swift */; };
		6611275324A282B30015D761 /* Main.storyboard in Resources */ = {isa = PBXBuildFile; fileRef = 6611275124A282B30015D761 /* Main.storyboard */; };
		6611275624A282B30015D761 /* FinalProject.xcdatamodeld in Sources */ = {isa = PBXBuildFile; fileRef = 6611275424A282B30015D761 /* FinalProject.xcdatamodeld */; };
		6611275824A282B70015D761 /* Assets.xcassets in Resources */ = {isa = PBXBuildFile; fileRef = 6611275724A282B70015D761 /* Assets.xcassets */; };
		6611275B24A282B70015D761 /* LaunchScreen.storyboard in Resources */ = {isa = PBXBuildFile; fileRef = 6611275924A282B70015D761 /* LaunchScreen.storyboard */; };
		6611278824A39B9F0015D761 /* ToDo.swift in Sources */ = {isa = PBXBuildFile; fileRef = 6611278724A39B9F0015D761 /* ToDo.swift */; };
		6611278A24A39D1C0015D761 /* AddToDoViewController.swift in Sources */ = {isa = PBXBuildFile; fileRef = 6611278924A39D1C0015D761 /* AddToDoViewController.swift */; };
		6611278C24A39D7A0015D761 /* CompleteToDoViewController.swift in Sources */ = {isa = PBXBuildFile; fileRef = 6611278B24A39D7A0015D761 /* CompleteToDoViewController.swift */; };
		6611278E24A39E1C0015D761 /* ToDoTableTableViewController.swift in Sources */ = {isa = PBXBuildFile; fileRef = 6611278D24A39E1C0015D761 /* ToDoTableTableViewController.swift */; };
		668C912824A527D2005E4405 /* Walkway Black.ttf in Resources */ = {isa = PBXBuildFile; fileRef = 668C912724A527D1005E4405 /* Walkway Black.ttf */; };
		668C912A24A527E2005E4405 /* Walkway Bold.ttf in Resources */ = {isa = PBXBuildFile; fileRef = 668C912924A527E2005E4405 /* Walkway Bold.ttf */; };
		668C912C24A527F3005E4405 /* Walkway Condensed SemiBold.ttf in Resources */ = {isa = PBXBuildFile; fileRef = 668C912B24A527F3005E4405 /* Walkway Condensed SemiBold.ttf */; };
		668C912E24A527FB005E4405 /* Walkway Expand UltraBold.ttf in Resources */ = {isa = PBXBuildFile; fileRef = 668C912D24A527FB005E4405 /* Walkway Expand UltraBold.ttf */; };
		668C913024A5280B005E4405 /* Walkway Expand.ttf in Resources */ = {isa = PBXBuildFile; fileRef = 668C912F24A5280B005E4405 /* Walkway Expand.ttf */; };
		668C913224A52B56005E4405 /* AllyshipDictionaryViewController.swift in Sources */ = {isa = PBXBuildFile; fileRef = 668C913124A52B56005E4405 /* AllyshipDictionaryViewController.swift */; };
		668C913624A52B9F005E4405 /* SustainableBrandsViewController.swift in Sources */ = {isa = PBXBuildFile; fileRef = 668C913524A52B9F005E4405 /* SustainableBrandsViewController.swift */; };
/* End PBXBuildFile section */

/* Begin PBXFileReference section */
		6611274824A282B30015D761 /* FinalProject.app */ = {isa = PBXFileReference; explicitFileType = wrapper.application; includeInIndex = 0; path = FinalProject.app; sourceTree = BUILT_PRODUCTS_DIR; };
		6611274B24A282B30015D761 /* AppDelegate.swift */ = {isa = PBXFileReference; lastKnownFileType = sourcecode.swift; path = AppDelegate.swift; sourceTree = "<group>"; };
		6611274D24A282B30015D761 /* SceneDelegate.swift */ = {isa = PBXFileReference; lastKnownFileType = sourcecode.swift; path = SceneDelegate.swift; sourceTree = "<group>"; };
		6611274F24A282B30015D761 /* ViewController.swift */ = {isa = PBXFileReference; lastKnownFileType = sourcecode.swift; path = ViewController.swift; sourceTree = "<group>"; };
		6611275224A282B30015D761 /* Base */ = {isa = PBXFileReference; lastKnownFileType = file.storyboard; name = Base; path = Base.lproj/Main.storyboard; sourceTree = "<group>"; };
		6611275524A282B30015D761 /* FinalProject.xcdatamodel */ = {isa = PBXFileReference; lastKnownFileType = wrapper.xcdatamodel; path = FinalProject.xcdatamodel; sourceTree = "<group>"; };
		6611275724A282B70015D761 /* Assets.xcassets */ = {isa = PBXFileReference; lastKnownFileType = folder.assetcatalog; path = Assets.xcassets; sourceTree = "<group>"; };
		6611275A24A282B70015D761 /* Base */ = {isa = PBXFileReference; lastKnownFileType = file.storyboard; name = Base; path = Base.lproj/LaunchScreen.storyboard; sourceTree = "<group>"; };
		6611275C24A282B70015D761 /* Info.plist */ = {isa = PBXFileReference; lastKnownFileType = text.plist.xml; path = Info.plist; sourceTree = "<group>"; };
		6611278724A39B9F0015D761 /* ToDo.swift */ = {isa = PBXFileReference; lastKnownFileType = sourcecode.swift; path = ToDo.swift; sourceTree = "<group>"; };
		6611278924A39D1C0015D761 /* AddToDoViewController.swift */ = {isa = PBXFileReference; lastKnownFileType = sourcecode.swift; path = AddToDoViewController.swift; sourceTree = "<group>"; };
		6611278B24A39D7A0015D761 /* CompleteToDoViewController.swift */ = {isa = PBXFileReference; lastKnownFileType = sourcecode.swift; path = CompleteToDoViewController.swift; sourceTree = "<group>"; };
		6611278D24A39E1C0015D761 /* ToDoTableTableViewController.swift */ = {isa = PBXFileReference; lastKnownFileType = sourcecode.swift; path = ToDoTableTableViewController.swift; sourceTree = "<group>"; };
		668C912724A527D1005E4405 /* Walkway Black.ttf */ = {isa = PBXFileReference; lastKnownFileType = file; name = "Walkway Black.ttf"; path = "../../../../Downloads/Walkway Black.ttf"; sourceTree = "<group>"; };
		668C912924A527E2005E4405 /* Walkway Bold.ttf */ = {isa = PBXFileReference; lastKnownFileType = file; name = "Walkway Bold.ttf"; path = "../../../../Downloads/Walkway Bold.ttf"; sourceTree = "<group>"; };
		668C912B24A527F3005E4405 /* Walkway Condensed SemiBold.ttf */ = {isa = PBXFileReference; lastKnownFileType = file; name = "Walkway Condensed SemiBold.ttf"; path = "../../../../Downloads/Walkway Condensed SemiBold.ttf"; sourceTree = "<group>"; };
		668C912D24A527FB005E4405 /* Walkway Expand UltraBold.ttf */ = {isa = PBXFileReference; lastKnownFileType = file; name = "Walkway Expand UltraBold.ttf"; path = "../../../../Downloads/Walkway Expand UltraBold.ttf"; sourceTree = "<group>"; };
		668C912F24A5280B005E4405 /* Walkway Expand.ttf */ = {isa = PBXFileReference; lastKnownFileType = file; name = "Walkway Expand.ttf"; path = "../../../../Downloads/Walkway Expand.ttf"; sourceTree = "<group>"; };
		668C913124A52B56005E4405 /* AllyshipDictionaryViewController.swift */ = {isa = PBXFileReference; lastKnownFileType = sourcecode.swift; path = AllyshipDictionaryViewController.swift; sourceTree = "<group>"; };
		668C913524A52B9F005E4405 /* SustainableBrandsViewController.swift */ = {isa = PBXFileReference; lastKnownFileType = sourcecode.swift; path = SustainableBrandsViewController.swift; sourceTree = "<group>"; };
/* End PBXFileReference section */

/* Begin PBXFrameworksBuildPhase section */
		6611274524A282B30015D761 /* Frameworks */ = {
			isa = PBXFrameworksBuildPhase;
			buildActionMask = 2147483647;
			files = (
			);
			runOnlyForDeploymentPostprocessing = 0;
		};
/* End PBXFrameworksBuildPhase section */

/* Begin PBXGroup section */
		6611273F24A282B30015D761 = {
			isa = PBXGroup;
			children = (
				6611274A24A282B30015D761 /* FinalProject */,
				6611274924A282B30015D761 /* Products */,
			);
			sourceTree = "<group>";
		};
		6611274924A282B30015D761 /* Products */ = {
			isa = PBXGroup;
			children = (
				6611274824A282B30015D761 /* FinalProject.app */,
			);
			name = Products;
			sourceTree = "<group>";
		};
		6611274A24A282B30015D761 /* FinalProject */ = {
			isa = PBXGroup;
			children = (
				668C912624A5278A005E4405 /* Fonts */,
				6611274B24A282B30015D761 /* AppDelegate.swift */,
				6611274D24A282B30015D761 /* SceneDelegate.swift */,
				6611274F24A282B30015D761 /* ViewController.swift */,
				6611275124A282B30015D761 /* Main.storyboard */,
				6611275724A282B70015D761 /* Assets.xcassets */,
				6611275924A282B70015D761 /* LaunchScreen.storyboard */,
				6611275C24A282B70015D761 /* Info.plist */,
				6611275424A282B30015D761 /* FinalProject.xcdatamodeld */,
				6611278724A39B9F0015D761 /* ToDo.swift */,
				6611278924A39D1C0015D761 /* AddToDoViewController.swift */,
				6611278B24A39D7A0015D761 /* CompleteToDoViewController.swift */,
				6611278D24A39E1C0015D761 /* ToDoTableTableViewController.swift */,
				668C913124A52B56005E4405 /* AllyshipDictionaryViewController.swift */,
				668C913524A52B9F005E4405 /* SustainableBrandsViewController.swift */,
			);
			path = FinalProject;
			sourceTree = "<group>";
		};
		668C912624A5278A005E4405 /* Fonts */ = {
			isa = PBXGroup;
			children = (
				668C912724A527D1005E4405 /* Walkway Black.ttf */,
				668C912924A527E2005E4405 /* Walkway Bold.ttf */,
				668C912B24A527F3005E4405 /* Walkway Condensed SemiBold.ttf */,
				668C912D24A527FB005E4405 /* Walkway Expand UltraBold.ttf */,
				668C912F24A5280B005E4405 /* Walkway Expand.ttf */,
			);
			path = Fonts;
			sourceTree = "<group>";
		};
/* End PBXGroup section */

/* Begin PBXNativeTarget section */
		6611274724A282B30015D761 /* FinalProject */ = {
			isa = PBXNativeTarget;
			buildConfigurationList = 6611275F24A282B70015D761 /* Build configuration list for PBXNativeTarget "FinalProject" */;
			buildPhases = (
				6611274424A282B30015D761 /* Sources */,
				6611274524A282B30015D761 /* Frameworks */,
				6611274624A282B30015D761 /* Resources */,
			);
			buildRules = (
			);
			dependencies = (
			);
			name = FinalProject;
			productName = FinalProject;
			productReference = 6611274824A282B30015D761 /* FinalProject.app */;
			productType = "com.apple.product-type.application";
		};
/* End PBXNativeTarget section */

/* Begin PBXProject section */
		6611274024A282B30015D761 /* Project object */ = {
			isa = PBXProject;
			attributes = {
				LastSwiftUpdateCheck = 1150;
				LastUpgradeCheck = 1150;
				ORGANIZATIONNAME = "Yasmin Ahuja";
				TargetAttributes = {
					6611274724A282B30015D761 = {
						CreatedOnToolsVersion = 11.5;
					};
				};
			};
			buildConfigurationList = 6611274324A282B30015D761 /* Build configuration list for PBXProject "FinalProject" */;
			compatibilityVersion = "Xcode 9.3";
			developmentRegion = en;
			hasScannedForEncodings = 0;
			knownRegions = (
				en,
				Base,
			);
			mainGroup = 6611273F24A282B30015D761;
			productRefGroup = 6611274924A282B30015D761 /* Products */;
			projectDirPath = "";
			projectRoot = "";
			targets = (
				6611274724A282B30015D761 /* FinalProject */,
			);
		};
/* End PBXProject section */

/* Begin PBXResourcesBuildPhase section */
		6611274624A282B30015D761 /* Resources */ = {
			isa = PBXResourcesBuildPhase;
			buildActionMask = 2147483647;
			files = (
				668C912C24A527F3005E4405 /* Walkway Condensed SemiBold.ttf in Resources */,
				6611275B24A282B70015D761 /* LaunchScreen.storyboard in Resources */,
				6611275824A282B70015D761 /* Assets.xcassets in Resources */,
				668C912824A527D2005E4405 /* Walkway Black.ttf in Resources */,
				668C912A24A527E2005E4405 /* Walkway Bold.ttf in Resources */,
				668C912E24A527FB005E4405 /* Walkway Expand UltraBold.ttf in Resources */,
				668C913024A5280B005E4405 /* Walkway Expand.ttf in Resources */,
				6611275324A282B30015D761 /* Main.storyboard in Resources */,
			);
			runOnlyForDeploymentPostprocessing = 0;
		};
/* End PBXResourcesBuildPhase section */

/* Begin PBXSourcesBuildPhase section */
		6611274424A282B30015D761 /* Sources */ = {
			isa = PBXSourcesBuildPhase;
			buildActionMask = 2147483647;
			files = (
				6611275024A282B30015D761 /* ViewController.swift in Sources */,
				6611274C24A282B30015D761 /* AppDelegate.swift in Sources */,
				6611278E24A39E1C0015D761 /* ToDoTableTableViewController.swift in Sources */,
				6611278C24A39D7A0015D761 /* CompleteToDoViewController.swift in Sources */,
				668C913224A52B56005E4405 /* AllyshipDictionaryViewController.swift in Sources */,
				6611275624A282B30015D761 /* FinalProject.xcdatamodeld in Sources */,
				6611278824A39B9F0015D761 /* ToDo.swift in Sources */,
				6611278A24A39D1C0015D761 /* AddToDoViewController.swift in Sources */,
				668C913624A52B9F005E4405 /* SustainableBrandsViewController.swift in Sources */,
				6611274E24A282B30015D761 /* SceneDelegate.swift in Sources */,
			);
			runOnlyForDeploymentPostprocessing = 0;
		};
/* End PBXSourcesBuildPhase section */

/* Begin PBXVariantGroup section */
		6611275124A282B30015D761 /* Main.storyboard */ = {
			isa = PBXVariantGroup;
			children = (
				6611275224A282B30015D761 /* Base */,
			);
			name = Main.storyboard;
			sourceTree = "<group>";
		};
		6611275924A282B70015D761 /* LaunchScreen.storyboard */ = {
			isa = PBXVariantGroup;
			children = (
				6611275A24A282B70015D761 /* Base */,
			);
			name = LaunchScreen.storyboard;
			sourceTree = "<group>";
		};
/* End PBXVariantGroup section */

/* Begin XCBuildConfiguration section */
		6611275D24A282B70015D761 /* Debug */ = {
			isa = XCBuildConfiguration;
			buildSettings = {
				ALWAYS_SEARCH_USER_PATHS = NO;
				CLANG_ANALYZER_NONNULL = YES;
				CLANG_ANALYZER_NUMBER_OBJECT_CONVERSION = YES_AGGRESSIVE;
				CLANG_CXX_LANGUAGE_STANDARD = "gnu++14";
				CLANG_CXX_LIBRARY = "libc++";
				CLANG_ENABLE_MODULES = YES;
				CLANG_ENABLE_OBJC_ARC = YES;
				CLANG_ENABLE_OBJC_WEAK = YES;
				CLANG_WARN_BLOCK_CAPTURE_AUTORELEASING = YES;
				CLANG_WARN_BOOL_CONVERSION = YES;
				CLANG_WARN_COMMA = YES;
				CLANG_WARN_CONSTANT_CONVERSION = YES;
				CLANG_WARN_DEPRECATED_OBJC_IMPLEMENTATIONS = YES;
				CLANG_WARN_DIRECT_OBJC_ISA_USAGE = YES_ERROR;
				CLANG_WARN_DOCUMENTATION_COMMENTS = YES;
				CLANG_WARN_EMPTY_BODY = YES;
				CLANG_WARN_ENUM_CONVERSION = YES;
				CLANG_WARN_INFINITE_RECURSION = YES;
				CLANG_WARN_INT_CONVERSION = YES;
				CLANG_WARN_NON_LITERAL_NULL_CONVERSION = YES;
				CLANG_WARN_OBJC_IMPLICIT_RETAIN_SELF = YES;
				CLANG_WARN_OBJC_LITERAL_CONVERSION = YES;
				CLANG_WARN_OBJC_ROOT_CLASS = YES_ERROR;
				CLANG_WARN_RANGE_LOOP_ANALYSIS = YES;
				CLANG_WARN_STRICT_PROTOTYPES = YES;
				CLANG_WARN_SUSPICIOUS_MOVE = YES;
				CLANG_WARN_UNGUARDED_AVAILABILITY = YES_AGGRESSIVE;
				CLANG_WARN_UNREACHABLE_CODE = YES;
				CLANG_WARN__DUPLICATE_METHOD_MATCH = YES;
				COPY_PHASE_STRIP = NO;
				DEBUG_INFORMATION_FORMAT = dwarf;
				ENABLE_STRICT_OBJC_MSGSEND = YES;
				ENABLE_TESTABILITY = YES;
				GCC_C_LANGUAGE_STANDARD = gnu11;
				GCC_DYNAMIC_NO_PIC = NO;
				GCC_NO_COMMON_BLOCKS = YES;
				GCC_OPTIMIZATION_LEVEL = 0;
				GCC_PREPROCESSOR_DEFINITIONS = (
					"DEBUG=1",
					"$(inherited)",
				);
				GCC_WARN_64_TO_32_BIT_CONVERSION = YES;
				GCC_WARN_ABOUT_RETURN_TYPE = YES_ERROR;
				GCC_WARN_UNDECLARED_SELECTOR = YES;
				GCC_WARN_UNINITIALIZED_AUTOS = YES_AGGRESSIVE;
				GCC_WARN_UNUSED_FUNCTION = YES;
				GCC_WARN_UNUSED_VARIABLE = YES;
				IPHONEOS_DEPLOYMENT_TARGET = 13.5;
				MTL_ENABLE_DEBUG_INFO = INCLUDE_SOURCE;
				MTL_FAST_MATH = YES;
				ONLY_ACTIVE_ARCH = YES;
				SDKROOT = iphoneos;
				SWIFT_ACTIVE_COMPILATION_CONDITIONS = DEBUG;
				SWIFT_OPTIMIZATION_LEVEL = "-Onone";
			};
			name = Debug;
		};
		6611275E24A282B70015D761 /* Release */ = {
			isa = XCBuildConfiguration;
			buildSettings = {
				ALWAYS_SEARCH_USER_PATHS = NO;
				CLANG_ANALYZER_NONNULL = YES;
				CLANG_ANALYZER_NUMBER_OBJECT_CONVERSION = YES_AGGRESSIVE;
				CLANG_CXX_LANGUAGE_STANDARD = "gnu++14";
				CLANG_CXX_LIBRARY = "libc++";
				CLANG_ENABLE_MODULES = YES;
				CLANG_ENABLE_OBJC_ARC = YES;
				CLANG_ENABLE_OBJC_WEAK = YES;
				CLANG_WARN_BLOCK_CAPTURE_AUTORELEASING = YES;
				CLANG_WARN_BOOL_CONVERSION = YES;
				CLANG_WARN_COMMA = YES;
				CLANG_WARN_CONSTANT_CONVERSION = YES;
				CLANG_WARN_DEPRECATED_OBJC_IMPLEMENTATIONS = YES;
				CLANG_WARN_DIRECT_OBJC_ISA_USAGE = YES_ERROR;
				CLANG_WARN_DOCUMENTATION_COMMENTS = YES;
				CLANG_WARN_EMPTY_BODY = YES;
				CLANG_WARN_ENUM_CONVERSION = YES;
				CLANG_WARN_INFINITE_RECURSION = YES;
				CLANG_WARN_INT_CONVERSION = YES;
				CLANG_WARN_NON_LITERAL_NULL_CONVERSION = YES;
				CLANG_WARN_OBJC_IMPLICIT_RETAIN_SELF = YES;
				CLANG_WARN_OBJC_LITERAL_CONVERSION = YES;
				CLANG_WARN_OBJC_ROOT_CLASS = YES_ERROR;
				CLANG_WARN_RANGE_LOOP_ANALYSIS = YES;
				CLANG_WARN_STRICT_PROTOTYPES = YES;
				CLANG_WARN_SUSPICIOUS_MOVE = YES;
				CLANG_WARN_UNGUARDED_AVAILABILITY = YES_AGGRESSIVE;
				CLANG_WARN_UNREACHABLE_CODE = YES;
				CLANG_WARN__DUPLICATE_METHOD_MATCH = YES;
				COPY_PHASE_STRIP = NO;
				DEBUG_INFORMATION_FORMAT = "dwarf-with-dsym";
				ENABLE_NS_ASSERTIONS = NO;
				ENABLE_STRICT_OBJC_MSGSEND = YES;
				GCC_C_LANGUAGE_STANDARD = gnu11;
				GCC_NO_COMMON_BLOCKS = YES;
				GCC_WARN_64_TO_32_BIT_CONVERSION = YES;
				GCC_WARN_ABOUT_RETURN_TYPE = YES_ERROR;
				GCC_WARN_UNDECLARED_SELECTOR = YES;
				GCC_WARN_UNINITIALIZED_AUTOS = YES_AGGRESSIVE;
				GCC_WARN_UNUSED_FUNCTION = YES;
				GCC_WARN_UNUSED_VARIABLE = YES;
				IPHONEOS_DEPLOYMENT_TARGET = 13.5;
				MTL_ENABLE_DEBUG_INFO = NO;
				MTL_FAST_MATH = YES;
				SDKROOT = iphoneos;
				SWIFT_COMPILATION_MODE = wholemodule;
				SWIFT_OPTIMIZATION_LEVEL = "-O";
				VALIDATE_PRODUCT = YES;
			};
			name = Release;
		};
		6611276024A282B70015D761 /* Debug */ = {
			isa = XCBuildConfiguration;
			buildSettings = {
				ASSETCATALOG_COMPILER_APPICON_NAME = AppIcon;
				CODE_SIGN_STYLE = Automatic;
				INFOPLIST_FILE = FinalProject/Info.plist;
				LD_RUNPATH_SEARCH_PATHS = (
					"$(inherited)",
					"@executable_path/Frameworks",
				);
				PRODUCT_BUNDLE_IDENTIFIER = KWK.FinalProject;
				PRODUCT_NAME = "$(TARGET_NAME)";
				SWIFT_VERSION = 5.0;
				TARGETED_DEVICE_FAMILY = "1,2";
			};
			name = Debug;
		};
		6611276124A282B70015D761 /* Release */ = {
			isa = XCBuildConfiguration;
			buildSettings = {
				ASSETCATALOG_COMPILER_APPICON_NAME = AppIcon;
				CODE_SIGN_STYLE = Automatic;
				INFOPLIST_FILE = FinalProject/Info.plist;
				LD_RUNPATH_SEARCH_PATHS = (
					"$(inherited)",
					"@executable_path/Frameworks",
				);
				PRODUCT_BUNDLE_IDENTIFIER = KWK.FinalProject;
				PRODUCT_NAME = "$(TARGET_NAME)";
				SWIFT_VERSION = 5.0;
				TARGETED_DEVICE_FAMILY = "1,2";
			};
			name = Release;
		};
/* End XCBuildConfiguration section */

/* Begin XCConfigurationList section */
		6611274324A282B30015D761 /* Build configuration list for PBXProject "FinalProject" */ = {
			isa = XCConfigurationList;
			buildConfigurations = (
				6611275D24A282B70015D761 /* Debug */,
				6611275E24A282B70015D761 /* Release */,
			);
			defaultConfigurationIsVisible = 0;
			defaultConfigurationName = Release;
		};
		6611275F24A282B70015D761 /* Build configuration list for PBXNativeTarget "FinalProject" */ = {
			isa = XCConfigurationList;
			buildConfigurations = (
				6611276024A282B70015D761 /* Debug */,
				6611276124A282B70015D761 /* Release */,
			);
			defaultConfigurationIsVisible = 0;
			defaultConfigurationName = Release;
		};
/* End XCConfigurationList section */

/* Begin XCVersionGroup section */
		6611275424A282B30015D761 /* FinalProject.xcdatamodeld */ = {
			isa = XCVersionGroup;
			children = (
				6611275524A282B30015D761 /* FinalProject.xcdatamodel */,
			);
			currentVersion = 6611275524A282B30015D761 /* FinalProject.xcdatamodel */;
			path = FinalProject.xcdatamodeld;
			sourceTree = "<group>";
			versionGroupType = wrapper.xcdatamodel;
		};
/* End XCVersionGroup section */
	};
	rootObject = 6611274024A282B30015D761 /* Project object */;
}
